github.com/yaa110/go-persian-calendar v0.5.0 h1:R6ADEJe2YXcLBVT7H/igb1tmLwr7SDAaVoDDdP0mmPE=
github.com/yaa110/go-persian-calendar v0.5.0/go.mod h1:KaNCW2YgfpMb48BofaTT99u0hdKUILpHeGhqaZ6GgkQ=
github.com/yaa110/go-persian-calendar v0.6.1 h1:g8HCQSCPDlifGYRLBYAiz00RcuFqfmtDMGFzyg4hBQY=
github.com/yaa110/go-persian-calendar v0.6.1/go.mod h1:KaNCW2YgfpMb48BofaTT99u0hdKUILpHeGhqaZ6GgkQ=
